{
  "object": {
    "pins": [
      {
        "package": "VDKit",
        "repositoryURL": "https://github.com/dankinsoid/VDKit.git",
        "state": {
          "branch": null,
          "revision": "cd61a0a5a562a7ae61d24e20315dcd7327c8f141",
          "version": "1.123.0"
        }
      }
    ]
  },
  "version": 1
}
